
Microsoft Visual Studio Solution File, Format Version 12.00
# Visual Studio 2013
VisualStudioVersion = 12.0.30723.0
MinimumVisualStudioVersion = 10.0.40219.1
Project("{FAE04EC0-301F-11D3-BF4B-00C04F79EFBC}") = "FileShareCache.Core", "FileShareCache.Core\FileShareCache.Core.csproj", "{27177896-87D4-41F0-8DFC-940A148343DE}"
EndProject
Project("{2150E333-8FDC-42A3-9474-1A3956D46DE8}") = ".nuget", ".nuget", "{2FD730CA-7AB6-4905-AFA3-0C77F798D04C}"
	ProjectSection(SolutionItems) = preProject
		.nuget\NuGet.Config = .nuget\NuGet.Config
		.nuget\NuGet.exe = .nuget\NuGet.exe
		.nuget\NuGet.targets = .nuget\NuGet.targets
	EndProjectSection
EndProject
Global
	GlobalSection(SolutionConfigurationPlatforms) = preSolution
		Debug|Any CPU = Debug|Any CPU
		Release|Any CPU = Release|Any CPU
	EndGlobalSection
	GlobalSection(ProjectConfigurationPlatforms) = postSolution
		{27177896-87D4-41F0-8DFC-940A148343DE}.Debug|Any CPU.ActiveCfg = Debug|Any CPU
		{27177896-87D4-41F0-8DFC-940A148343DE}.Debug|Any CPU.Build.0 = Debug|Any CPU
		{27177896-87D4-41F0-8DFC-940A148343DE}.Release|Any CPU.ActiveCfg = Release|Any CPU
		{27177896-87D4-41F0-8DFC-940A148343DE}.Release|Any CPU.Build.0 = Release|Any CPU
	EndGlobalSection
	GlobalSection(SolutionProperties) = preSolution
		HideSolutionNode = FALSE
	EndGlobalSection
EndGlobal
